
Microsoft Visual Studio Solution File, Format Version 12.00
# Visual Studio Version 16
VisualStudioVersion = 16.0.31229.75
MinimumVisualStudioVersion = 10.0.40219.1
Project("{9A19103F-16F7-4668-BE54-9A1E7A4F7556}") = "WinFormsApp1", "WinFormsApp1\WinFormsApp1.csproj", "{73B07694-2DBC-43CE-A3B8-8C96BDE3E1DB}"
EndProject
Project("{9A19103F-16F7-4668-BE54-9A1E7A4F7556}") = "WpfApp1", "WpfApp1\WpfApp1.csproj", "{E13BD719-4456-49DB-97D0-674FDAA57F7E}"
EndProject
Project("{9A19103F-16F7-4668-BE54-9A1E7A4F7556}") = "WpfApp2A2", "WpfApp2A2\WpfApp2A2.csproj", "{B07C1711-00B4-47F6-BFE8-2EAB4F7E7875}"
EndProject
Project("{FAE04EC0-301F-11D3-BF4B-00C04F79EFBC}") = "WPFBookSave", "C:\Users\RAJ KUMAR\Downloads\202010-lnt-dotnet-main (8)\202010-lnt-dotnet-main\Programs\WPFDemos\WPF04Layouts\WPFBookSave.csproj", "{7503B1CF-0CD7-4378-8517-705C5CFAE988}"
EndProject
Global
	GlobalSection(SolutionConfigurationPlatforms) = preSolution
		Debug|Any CPU = Debug|Any CPU
		Release|Any CPU = Release|Any CPU
	EndGlobalSection
	GlobalSection(ProjectConfigurationPlatforms) = postSolution
		{73B07694-2DBC-43CE-A3B8-8C96BDE3E1DB}.Debug|Any CPU.ActiveCfg = Debug|Any CPU
		{73B07694-2DBC-43CE-A3B8-8C96BDE3E1DB}.Debug|Any CPU.Build.0 = Debug|Any CPU
		{73B07694-2DBC-43CE-A3B8-8C96BDE3E1DB}.Release|Any CPU.ActiveCfg = Release|Any CPU
		{73B07694-2DBC-43CE-A3B8-8C96BDE3E1DB}.Release|Any CPU.Build.0 = Release|Any CPU
		{E13BD719-4456-49DB-97D0-674FDAA57F7E}.Debug|Any CPU.ActiveCfg = Debug|Any CPU
		{E13BD719-4456-49DB-97D0-674FDAA57F7E}.Debug|Any CPU.Build.0 = Debug|Any CPU
		{E13BD719-4456-49DB-97D0-674FDAA57F7E}.Release|Any CPU.ActiveCfg = Release|Any CPU
		{E13BD719-4456-49DB-97D0-674FDAA57F7E}.Release|Any CPU.Build.0 = Release|Any CPU
		{B07C1711-00B4-47F6-BFE8-2EAB4F7E7875}.Debug|Any CPU.ActiveCfg = Debug|Any CPU
		{B07C1711-00B4-47F6-BFE8-2EAB4F7E7875}.Debug|Any CPU.Build.0 = Debug|Any CPU
		{B07C1711-00B4-47F6-BFE8-2EAB4F7E7875}.Release|Any CPU.ActiveCfg = Release|Any CPU
		{B07C1711-00B4-47F6-BFE8-2EAB4F7E7875}.Release|Any CPU.Build.0 = Release|Any CPU
		{7503B1CF-0CD7-4378-8517-705C5CFAE988}.Debug|Any CPU.ActiveCfg = Debug|Any CPU
		{7503B1CF-0CD7-4378-8517-705C5CFAE988}.Debug|Any CPU.Build.0 = Debug|Any CPU
		{7503B1CF-0CD7-4378-8517-705C5CFAE988}.Release|Any CPU.ActiveCfg = Release|Any CPU
		{7503B1CF-0CD7-4378-8517-705C5CFAE988}.Release|Any CPU.Build.0 = Release|Any CPU
	EndGlobalSection
	GlobalSection(SolutionProperties) = preSolution
		HideSolutionNode = FALSE
	EndGlobalSection
	GlobalSection(ExtensibilityGlobals) = postSolution
		SolutionGuid = {CAC64E42-F15A-4812-8870-7DBC9FD1D0DF}
	EndGlobalSection
EndGlobal
